<?xml version="1.0" encoding="utf-8"?>
<Project ToolsVersion="4.0" xmlns="http://schemas.microsoft.com/developer/msbuild/2003">
  <ItemGroup>
    <Filter Include="Platform">
      <UniqueIdentifier>{2AC788B4-1694-E3BF-3FAD-D1672BD9184E}</UniqueIdentifier>
    </Filter>
    <Filter Include="Platform\Windows">
      <UniqueIdentifier>{64FBD71A-50F4-F66C-7926-DCF1657ED678}</UniqueIdentifier>
    </Filter>
    <Filter Include="Shaddock">
      <UniqueIdentifier>{06B04244-F27C-9D4F-1B96-8BF707C2D2DD}</UniqueIdentifier>
    </Filter>
    <Filter Include="Shaddock\Events">
      <UniqueIdentifier>{2A595D3D-96E4-CA01-9FF5-4DF60B002702}</UniqueIdentifier>
    </Filter>
  </ItemGroup>
  <ItemGroup>
    <ClInclude Include="src\Platform\Windows\WindowsWindow.h">
      <Filter>Platform\Windows</Filter>
    </ClInclude>
    <ClInclude Include="src\Shaddock.h" />
    <ClInclude Include="src\Shaddock\Application.h">
      <Filter>Shaddock</Filter>
    </ClInclude>
    <ClInclude Include="src\Shaddock\Core.h">
      <Filter>Shaddock</Filter>
    </ClInclude>
    <ClInclude Include="src\Shaddock\EntryPoint.h">
      <Filter>Shaddock</Filter>
    </ClInclude>
    <ClInclude Include="src\Shaddock\Events\ApplicationEvent.h">
      <Filter>Shaddock\Events</Filter>
    </ClInclude>
    <ClInclude Include="src\Shaddock\Events\Event.h">
      <Filter>Shaddock\Events</Filter>
    </ClInclude>
    <ClInclude Include="src\Shaddock\Events\KeyEvent.h">
      <Filter>Shaddock\Events</Filter>
    </ClInclude>
    <ClInclude Include="src\Shaddock\Events\MouseEvent.h">
      <Filter>Shaddock\Events</Filter>
    </ClInclude>
    <ClInclude Include="src\Shaddock\Layer.h">
      <Filter>Shaddock</Filter>
    </ClInclude>
    <ClInclude Include="src\Shaddock\LayerStack.h">
      <Filter>Shaddock</Filter>
    </ClInclude>
    <ClInclude Include="src\Shaddock\Log.h">
      <Filter>Shaddock</Filter>
    </ClInclude>
    <ClInclude Include="src\Shaddock\Window.h">
      <Filter>Shaddock</Filter>
    </ClInclude>
    <ClInclude Include="src\sdpch.h" />
    <ClInclude Include="src\Shaddock\ImGui\ImGuiLayer.h" />
    <ClInclude Include="src\Platform\OpenGL\ImGuiOpenGLRenderer.h" />
  </ItemGroup>
  <ItemGroup>
    <ClCompile Include="src\Platform\Windows\WindowsWindow.cpp">
      <Filter>Platform\Windows</Filter>
    </ClCompile>
    <ClCompile Include="src\Shaddock\Application.cpp">
      <Filter>Shaddock</Filter>
    </ClCompile>
    <ClCompile Include="src\Shaddock\Layer.cpp">
      <Filter>Shaddock</Filter>
    </ClCompile>
    <ClCompile Include="src\Shaddock\LayerStack.cpp">
      <Filter>Shaddock</Filter>
    </ClCompile>
    <ClCompile Include="src\Shaddock\Log.cpp">
      <Filter>Shaddock</Filter>
    </ClCompile>
    <ClCompile Include="src\sdpch.cpp" />
    <ClCompile Include="src\Shaddock\ImGui\ImGuiLayer.cpp" />
    <ClCompile Include="src\Platform\OpenGL\ImGuiOpenGLRenderer.cpp" />
  </ItemGroup>
</Project>